{
  "nodes": {
    "artwork": {
      "flake": false,
      "locked": {
        "lastModified": 1716788451,
        "narHash": "sha256-Zam3vXUBcF09GhaL0eehlTvmhx++qXBO7UhuBySPX84=",
        "owner": "NixOS",
        "repo": "nixos-artwork",
        "rev": "53ea652ec7d8af5d21fd2b79b6c49cb39078ddfb",
        "type": "github"
      },
      "original": {
        "owner": "NixOS",
        "repo": "nixos-artwork",
        "type": "github"
      }
    },
    "coco": {
      "inputs": {
        "home-manager": "home-manager",
        "nixpkgs": [
          "nixpkgs"
        ]
      },
      "locked": {
        "lastModified": 1709277651,
        "narHash": "sha256-gHgKCmtQP8GqKFlSdx4TQ1DF7OrmD/sJcQUcI8DaQGQ=",
        "owner": "fxttr",
        "repo": "coco",
        "rev": "aa5ff0a3a2d93d0211d5c6421d57eb0b12ca1d17",
        "type": "github"
      },
      "original": {
        "owner": "fxttr",
        "repo": "coco",
        "type": "github"
      }
    },
    "emacs-cfg": {
      "flake": false,
      "locked": {
        "lastModified": 1704465167,
        "narHash": "sha256-xmwn3LkgnU31RwGGOuPii1gZz8S5m37DpnUJzGuvuJ8=",
        "owner": "fxttr",
        "repo": "emacs-cfg",
        "rev": "bd1dbbeaa865f82a2e0b91befdbfcec3914aefdc",
        "type": "github"
      },
      "original": {
        "owner": "fxttr",
        "repo": "emacs-cfg",
        "type": "github"
      }
    },
    "home-manager": {
      "inputs": {
        "nixpkgs": [
          "coco",
          "nixpkgs"
        ]
      },
      "locked": {
        "lastModified": 1706981411,
        "narHash": "sha256-cLbLPTL1CDmETVh4p0nQtvoF+FSEjsnJTFpTxhXywhQ=",
        "owner": "nix-community",
        "repo": "home-manager",
        "rev": "652fda4ca6dafeb090943422c34ae9145787af37",
        "type": "github"
      },
      "original": {
        "owner": "nix-community",
        "ref": "release-23.11",
        "repo": "home-manager",
        "type": "github"
      }
    },
    "home-manager_2": {
      "inputs": {
        "nixpkgs": [
          "nixpkgs"
        ]
      },
      "locked": {
        "lastModified": 1718243258,
        "narHash": "sha256-abBpj2VU8p6qlRzTU8o22q68MmOaZ4v8zZ4UlYl5YRU=",
        "owner": "nix-community",
        "repo": "home-manager",
        "rev": "8d5e27b4807d25308dfe369d5a923d87e7dbfda3",
        "type": "github"
      },
      "original": {
        "owner": "nix-community",
        "repo": "home-manager",
        "type": "github"
      }
    },
    "nixpkgs": {
      "locked": {
        "lastModified": 1718149104,
        "narHash": "sha256-Ds1QpobBX2yoUDx9ZruqVGJ/uQPgcXoYuobBguyKEh8=",
        "owner": "nixos",
        "repo": "nixpkgs",
        "rev": "e913ae340076bbb73d9f4d3d065c2bca7caafb16",
        "type": "github"
      },
      "original": {
        "owner": "nixos",
        "ref": "nixpkgs-unstable",
        "repo": "nixpkgs",
        "type": "github"
      }
    },
    "nixpkgs-stable": {
      "locked": {
        "lastModified": 1717880976,
        "narHash": "sha256-BRvSCsKtDUr83NEtbGfHLUOdDK0Cgbezj2PtcHnz+sQ=",
        "owner": "NixOS",
        "repo": "nixpkgs",
        "rev": "4913a7c3d8b8d00cb9476a6bd730ff57777f740c",
        "type": "github"
      },
      "original": {
        "owner": "NixOS",
        "ref": "release-23.11",
        "repo": "nixpkgs",
        "type": "github"
      }
    },
    "root": {
      "inputs": {
        "artwork": "artwork",
        "coco": "coco",
        "emacs-cfg": "emacs-cfg",
        "home-manager": "home-manager_2",
        "nixpkgs": "nixpkgs",
        "secrets": "secrets",
        "sops-nix": "sops-nix"
      }
    },
    "secrets": {
      "flake": false,
      "locked": {
        "lastModified": 1706872842,
        "narHash": "sha256-VKycLF2mX2/j19V3Q/qn5c6FUDBDg9+d9eZkOfM7xMk=",
        "owner": "fxttr",
        "repo": "secrets",
        "rev": "52bdb98e5aaf196e67b06d62ce06d47d6ed5c45b",
        "type": "github"
      },
      "original": {
        "owner": "fxttr",
        "repo": "secrets",
        "type": "github"
      }
    },
    "sops-nix": {
      "inputs": {
        "nixpkgs": [
          "nixpkgs"
        ],
        "nixpkgs-stable": "nixpkgs-stable"
      },
      "locked": {
        "lastModified": 1718137936,
        "narHash": "sha256-psA+1Q5fPaK6yI3vzlLINNtb6EeXj111zQWnZYyJS9c=",
        "owner": "Mic92",
        "repo": "sops-nix",
        "rev": "c279dec105dd53df13a5e57525da97905cc0f0d6",
        "type": "github"
      },
      "original": {
        "owner": "Mic92",
        "repo": "sops-nix",
        "type": "github"
      }
    }
  },
  "root": "root",
  "version": 7
}
