{
  "nodes": {
    "emacs-cfg": {
      "flake": false,
      "locked": {
        "lastModified": 1672777539,
        "narHash": "sha256-r61kaiPE/gVJKDyrQ6X89bc4ILy7DaHFMVBdFb7Zues=",
        "owner": "fxttr",
        "repo": "emacs-cfg",
        "rev": "4d195f742d8f9fb36237fc18b76401b877a28abd",
        "type": "github"
      },
      "original": {
        "owner": "fxttr",
        "repo": "emacs-cfg",
        "type": "github"
      }
    },
    "home-manager": {
      "inputs": {
        "nixpkgs": [
          "nixpkgs"
        ],
        "utils": "utils"
      },
      "locked": {
        "lastModified": 1672770368,
        "narHash": "sha256-iO6Z9blIe8dcPh3VT2nkej9EimORCoskGQR6xNjICWI=",
        "owner": "nix-community",
        "repo": "home-manager",
        "rev": "d01e7280ad7d13a5a0fae57355bd0dbfe5b81969",
        "type": "github"
      },
      "original": {
        "owner": "nix-community",
        "repo": "home-manager",
        "type": "github"
      }
    },
    "nixpkgs": {
      "locked": {
        "lastModified": 1672697240,
        "narHash": "sha256-Ww+c4q8IEVv6Wvt6wCxmBP+aXXxbso0SedBMAvOfrf4=",
        "owner": "nixos",
        "repo": "nixpkgs",
        "rev": "c42947660ed3b696e266e0f69c34f7f1bda67bbb",
        "type": "github"
      },
      "original": {
        "owner": "nixos",
        "ref": "nixpkgs-unstable",
        "repo": "nixpkgs",
        "type": "github"
      }
    },
    "root": {
      "inputs": {
        "emacs-cfg": "emacs-cfg",
        "home-manager": "home-manager",
        "nixpkgs": "nixpkgs"
      }
    },
    "utils": {
      "locked": {
        "lastModified": 1667395993,
        "narHash": "sha256-nuEHfE/LcWyuSWnS8t12N1wc105Qtau+/OdUAjtQ0rA=",
        "owner": "numtide",
        "repo": "flake-utils",
        "rev": "5aed5285a952e0b949eb3ba02c12fa4fcfef535f",
        "type": "github"
      },
      "original": {
        "owner": "numtide",
        "repo": "flake-utils",
        "type": "github"
      }
    }
  },
  "root": "root",
  "version": 7
}
