{
  "nodes": {
    "artwork": {
      "flake": false,
      "locked": {
        "lastModified": 1701990405,
        "narHash": "sha256-QZrC1cSNThvQJymM7rRVXxpZ+rY+vOVm17P6vVVB6WM=",
        "owner": "NixOS",
        "repo": "nixos-artwork",
        "rev": "e3a74d1c40086393f2b1b9f218497da2db0ff3ae",
        "type": "github"
      },
      "original": {
        "owner": "NixOS",
        "repo": "nixos-artwork",
        "type": "github"
      }
    },
    "artwork_2": {
      "flake": false,
      "locked": {
        "lastModified": 1696446040,
        "narHash": "sha256-468ppSe/b8vq1lndD2V+zDXC2TKkFAd7uRlxKwNsdr4=",
        "owner": "NixOS",
        "repo": "nixos-artwork",
        "rev": "da4697b5621460fe438de0cf2f44c42c926e045d",
        "type": "github"
      },
      "original": {
        "owner": "NixOS",
        "repo": "nixos-artwork",
        "type": "github"
      }
    },
    "coco": {
      "inputs": {
        "home-manager": "home-manager",
        "nixpkgs": "nixpkgs"
      },
      "locked": {
        "lastModified": 1702445301,
        "narHash": "sha256-pY8eblJrqWxFCBxYZXyfhiJufG/Xi1j9CVKG/62xF7w=",
        "owner": "fxttr",
        "repo": "coco",
        "rev": "d6d22a2244707cc4b54f3eb8fea30ae362e1ddb9",
        "type": "github"
      },
      "original": {
        "owner": "fxttr",
        "repo": "coco",
        "type": "github"
      }
    },
    "emacs-cfg": {
      "flake": false,
      "locked": {
        "lastModified": 1699085664,
        "narHash": "sha256-XMmUF8ZWkEYd60Surb7ujnqZKz92Xu23DLwasEPgqtA=",
        "owner": "fxttr",
        "repo": "emacs-cfg",
        "rev": "b5d5b524f16e6745fbbb7d80771ddef013e48ab7",
        "type": "github"
      },
      "original": {
        "owner": "fxttr",
        "repo": "emacs-cfg",
        "type": "github"
      }
    },
    "home-manager": {
      "inputs": {
        "nixpkgs": [
          "coco",
          "nixpkgs"
        ]
      },
      "locked": {
        "lastModified": 1702195709,
        "narHash": "sha256-+zRjWkm5rKqQ57PuLZ3JF3xi3vPMiOJzItb1m/43Cq4=",
        "owner": "nix-community",
        "repo": "home-manager",
        "rev": "6761b8188b860f374b457eddfdb05c82eef9752f",
        "type": "github"
      },
      "original": {
        "owner": "nix-community",
        "ref": "release-23.11",
        "repo": "home-manager",
        "type": "github"
      }
    },
    "home-manager_2": {
      "inputs": {
        "nixpkgs": [
          "nixpkgs"
        ]
      },
      "locked": {
        "lastModified": 1702538064,
        "narHash": "sha256-At5GwJPu2tzvS9dllhBoZmqK6lkkh/sOp2YefWRlaL8=",
        "owner": "nix-community",
        "repo": "home-manager",
        "rev": "0e2e443ff24f9d75925e91b89d1da44b863734af",
        "type": "github"
      },
      "original": {
        "owner": "nix-community",
        "repo": "home-manager",
        "type": "github"
      }
    },
    "nixpkgs": {
      "locked": {
        "lastModified": 1702272962,
        "narHash": "sha256-D+zHwkwPc6oYQ4G3A1HuadopqRwUY/JkMwHz1YF7j4Q=",
        "owner": "NixOS",
        "repo": "nixpkgs",
        "rev": "e97b3e4186bcadf0ef1b6be22b8558eab1cdeb5d",
        "type": "github"
      },
      "original": {
        "owner": "NixOS",
        "ref": "nixpkgs-unstable",
        "repo": "nixpkgs",
        "type": "github"
      }
    },
    "nixpkgs-stable": {
      "locked": {
        "lastModified": 1702148972,
        "narHash": "sha256-h2jODFP6n+ABrUWcGRSVPRFfLOkM9TJ2pO+h+9JcaL0=",
        "owner": "NixOS",
        "repo": "nixpkgs",
        "rev": "b8f33c044e51de6dde3ad80a9676945e0e4e3227",
        "type": "github"
      },
      "original": {
        "owner": "NixOS",
        "ref": "release-23.05",
        "repo": "nixpkgs",
        "type": "github"
      }
    },
    "nixpkgs_2": {
      "locked": {
        "lastModified": 1702272962,
        "narHash": "sha256-D+zHwkwPc6oYQ4G3A1HuadopqRwUY/JkMwHz1YF7j4Q=",
        "owner": "nixos",
        "repo": "nixpkgs",
        "rev": "e97b3e4186bcadf0ef1b6be22b8558eab1cdeb5d",
        "type": "github"
      },
      "original": {
        "owner": "nixos",
        "ref": "nixpkgs-unstable",
        "repo": "nixpkgs",
        "type": "github"
      }
    },
    "nixpkgs_3": {
      "locked": {
        "lastModified": 1700612854,
        "narHash": "sha256-yrQ8osMD+vDLGFX7pcwsY/Qr5PUd6OmDMYJZzZi0+zc=",
        "owner": "NixOS",
        "repo": "nixpkgs",
        "rev": "19cbff58383a4ae384dea4d1d0c823d72b49d614",
        "type": "github"
      },
      "original": {
        "owner": "NixOS",
        "ref": "nixos-unstable",
        "repo": "nixpkgs",
        "type": "github"
      }
    },
    "root": {
      "inputs": {
        "artwork": "artwork",
        "coco": "coco",
        "emacs-cfg": "emacs-cfg",
        "home-manager": "home-manager_2",
        "nixpkgs": "nixpkgs_2",
        "secrets": "secrets",
        "sops-nix": "sops-nix",
        "xmonad": "xmonad"
      }
    },
    "secrets": {
      "flake": false,
      "locked": {
        "lastModified": 1678634422,
        "narHash": "sha256-xlEpOGVZUphVOFRdU8cp7CiVMdh0EYME/NcVqRHLU2k=",
        "owner": "fxttr",
        "repo": "secrets",
        "rev": "ae791bf46c5b8769e7f45e7e19269dfe97fd73af",
        "type": "github"
      },
      "original": {
        "owner": "fxttr",
        "repo": "secrets",
        "type": "github"
      }
    },
    "sops-nix": {
      "inputs": {
        "nixpkgs": [
          "nixpkgs"
        ],
        "nixpkgs-stable": "nixpkgs-stable"
      },
      "locked": {
        "lastModified": 1702177193,
        "narHash": "sha256-J2409SyXROoUHYXVy9h4Pj0VU8ReLuy/mzBc9iK4DBg=",
        "owner": "Mic92",
        "repo": "sops-nix",
        "rev": "d806e546f96c88cd9f7d91c1c19ebc99ba6277d9",
        "type": "github"
      },
      "original": {
        "owner": "Mic92",
        "repo": "sops-nix",
        "type": "github"
      }
    },
    "systems": {
      "locked": {
        "lastModified": 1681028828,
        "narHash": "sha256-Vy1rq5AaRuLzOxct8nz4T6wlgyUR7zLU309k9mBC768=",
        "owner": "nix-systems",
        "repo": "default",
        "rev": "da67096a3b9bf56a91d16901293e51ba5b49a27e",
        "type": "github"
      },
      "original": {
        "owner": "nix-systems",
        "repo": "default",
        "type": "github"
      }
    },
    "utils": {
      "inputs": {
        "systems": "systems"
      },
      "locked": {
        "lastModified": 1694529238,
        "narHash": "sha256-zsNZZGTGnMOf9YpHKJqMSsa0dXbfmxeoJ7xHlrt+xmY=",
        "owner": "numtide",
        "repo": "flake-utils",
        "rev": "ff7b65b44d01cf9ba6a71320833626af21126384",
        "type": "github"
      },
      "original": {
        "owner": "numtide",
        "repo": "flake-utils",
        "type": "github"
      }
    },
    "xmonad": {
      "inputs": {
        "artwork": "artwork_2",
        "nixpkgs": "nixpkgs_3",
        "utils": "utils"
      },
      "locked": {
        "lastModified": 1701145859,
        "narHash": "sha256-ci9LPhH5B4Wz/vm8IqCLiZAKJ9S4NlobnMkSJVDw1G4=",
        "owner": "fxttr",
        "repo": "xmonad-cfg",
        "rev": "7a0b8092b4e10a979356149d89f09d6dbbdf6609",
        "type": "github"
      },
      "original": {
        "owner": "fxttr",
        "repo": "xmonad-cfg",
        "type": "github"
      }
    }
  },
  "root": "root",
  "version": 7
}
