{
  "nodes": {
    "artwork": {
      "flake": false,
      "locked": {
        "lastModified": 1705358733,
        "narHash": "sha256-SShZZVOGBmAmOWL7qPAguA4APtal35CuBRdN4TsS39E=",
        "owner": "NixOS",
        "repo": "nixos-artwork",
        "rev": "a36185b45ec4a9fbef9f43b23c5c3fe36f3feb01",
        "type": "github"
      },
      "original": {
        "owner": "NixOS",
        "repo": "nixos-artwork",
        "type": "github"
      }
    },
    "coco": {
      "inputs": {
        "home-manager": "home-manager",
        "nixpkgs": "nixpkgs"
      },
      "locked": {
        "lastModified": 1707601271,
        "narHash": "sha256-RqHVvhw/2EthEdsYw4YBB+02TuNaupI+vPCHUmtPEOo=",
        "owner": "fxttr",
        "repo": "coco",
        "rev": "93dfe0163795ef084d0520f652a0563e91a1a873",
        "type": "github"
      },
      "original": {
        "owner": "fxttr",
        "repo": "coco",
        "type": "github"
      }
    },
    "emacs-cfg": {
      "flake": false,
      "locked": {
        "lastModified": 1704465167,
        "narHash": "sha256-xmwn3LkgnU31RwGGOuPii1gZz8S5m37DpnUJzGuvuJ8=",
        "owner": "fxttr",
        "repo": "emacs-cfg",
        "rev": "bd1dbbeaa865f82a2e0b91befdbfcec3914aefdc",
        "type": "github"
      },
      "original": {
        "owner": "fxttr",
        "repo": "emacs-cfg",
        "type": "github"
      }
    },
    "home-manager": {
      "inputs": {
        "nixpkgs": [
          "coco",
          "nixpkgs"
        ]
      },
      "locked": {
        "lastModified": 1703367386,
        "narHash": "sha256-FMbm48UGrBfOWGt8+opuS+uLBLQlRfhiYXhHNcYMS5k=",
        "owner": "nix-community",
        "repo": "home-manager",
        "rev": "d5824a76bc6bb93d1dce9ebbbcb09a9b6abcc224",
        "type": "github"
      },
      "original": {
        "owner": "nix-community",
        "ref": "release-23.11",
        "repo": "home-manager",
        "type": "github"
      }
    },
    "home-manager_2": {
      "inputs": {
        "nixpkgs": [
          "nixpkgs"
        ]
      },
      "locked": {
        "lastModified": 1707607386,
        "narHash": "sha256-hj/RgQMTvCWQVInkZwiMMieumkfOjHXhtWhfuXHop/8=",
        "owner": "nix-community",
        "repo": "home-manager",
        "rev": "bfd0ae29a86eff4603098683b516c67e22184511",
        "type": "github"
      },
      "original": {
        "owner": "nix-community",
        "repo": "home-manager",
        "type": "github"
      }
    },
    "nixpkgs": {
      "locked": {
        "lastModified": 1703499205,
        "narHash": "sha256-lF9rK5mSUfIZJgZxC3ge40tp1gmyyOXZ+lRY3P8bfbg=",
        "owner": "NixOS",
        "repo": "nixpkgs",
        "rev": "e1fa12d4f6c6fe19ccb59cac54b5b3f25e160870",
        "type": "github"
      },
      "original": {
        "owner": "NixOS",
        "ref": "nixpkgs-unstable",
        "repo": "nixpkgs",
        "type": "github"
      }
    },
    "nixpkgs-stable": {
      "locked": {
        "lastModified": 1707603439,
        "narHash": "sha256-LodBVZ3+ehJP2azM5oj+JrhfNAAzmTJ/OwAIOn0RfZ0=",
        "owner": "NixOS",
        "repo": "nixpkgs",
        "rev": "d8cd80616c8800feec0cab64331d7c3d5a1a6d98",
        "type": "github"
      },
      "original": {
        "owner": "NixOS",
        "ref": "release-23.11",
        "repo": "nixpkgs",
        "type": "github"
      }
    },
    "nixpkgs_2": {
      "locked": {
        "lastModified": 1707588924,
        "narHash": "sha256-0e1ce6X5ghapv6cAF9rxLZKeNyFHHXsLbGxN2cQQE8U=",
        "owner": "nixos",
        "repo": "nixpkgs",
        "rev": "10b813040df67c4039086db0f6eaf65c536886c6",
        "type": "github"
      },
      "original": {
        "owner": "nixos",
        "ref": "nixpkgs-unstable",
        "repo": "nixpkgs",
        "type": "github"
      }
    },
    "root": {
      "inputs": {
        "artwork": "artwork",
        "coco": "coco",
        "emacs-cfg": "emacs-cfg",
        "home-manager": "home-manager_2",
        "nixpkgs": "nixpkgs_2",
        "secrets": "secrets",
        "sops-nix": "sops-nix"
      }
    },
    "secrets": {
      "flake": false,
      "locked": {
        "lastModified": 1706872842,
        "narHash": "sha256-VKycLF2mX2/j19V3Q/qn5c6FUDBDg9+d9eZkOfM7xMk=",
        "owner": "fxttr",
        "repo": "secrets",
        "rev": "52bdb98e5aaf196e67b06d62ce06d47d6ed5c45b",
        "type": "github"
      },
      "original": {
        "owner": "fxttr",
        "repo": "secrets",
        "type": "github"
      }
    },
    "sops-nix": {
      "inputs": {
        "nixpkgs": [
          "nixpkgs"
        ],
        "nixpkgs-stable": "nixpkgs-stable"
      },
      "locked": {
        "lastModified": 1707620614,
        "narHash": "sha256-gfAoB9dGzBu62NoAoM945aok7+6M+LFu+nvnGwAsTp4=",
        "owner": "Mic92",
        "repo": "sops-nix",
        "rev": "2eb7c4ba3aa75e2660fd217eb1ab64d5b793608e",
        "type": "github"
      },
      "original": {
        "owner": "Mic92",
        "repo": "sops-nix",
        "type": "github"
      }
    }
  },
  "root": "root",
  "version": 7
}
