{
  "nodes": {
    "artwork": {
      "flake": false,
      "locked": {
        "lastModified": 1705358733,
        "narHash": "sha256-SShZZVOGBmAmOWL7qPAguA4APtal35CuBRdN4TsS39E=",
        "owner": "NixOS",
        "repo": "nixos-artwork",
        "rev": "a36185b45ec4a9fbef9f43b23c5c3fe36f3feb01",
        "type": "github"
      },
      "original": {
        "owner": "NixOS",
        "repo": "nixos-artwork",
        "type": "github"
      }
    },
    "coco": {
      "inputs": {
        "home-manager": "home-manager",
        "nixpkgs": [
          "nixpkgs"
        ]
      },
      "locked": {
        "lastModified": 1707593139,
        "narHash": "sha256-aI3uUpRdeDIvprZvFMebnvFqhdvDQmdMMquP31fmGRA=",
        "owner": "fxttr",
        "repo": "coco",
        "rev": "2ab3f9fe9dfbe290dbf03381f9634c9e9f4115a4",
        "type": "github"
      },
      "original": {
        "owner": "fxttr",
        "repo": "coco",
        "type": "github"
      }
    },
    "emacs-cfg": {
      "flake": false,
      "locked": {
        "lastModified": 1704465167,
        "narHash": "sha256-xmwn3LkgnU31RwGGOuPii1gZz8S5m37DpnUJzGuvuJ8=",
        "owner": "fxttr",
        "repo": "emacs-cfg",
        "rev": "bd1dbbeaa865f82a2e0b91befdbfcec3914aefdc",
        "type": "github"
      },
      "original": {
        "owner": "fxttr",
        "repo": "emacs-cfg",
        "type": "github"
      }
    },
    "home-manager": {
      "inputs": {
        "nixpkgs": [
          "coco",
          "nixpkgs"
        ]
      },
      "locked": {
        "lastModified": 1703367386,
        "narHash": "sha256-FMbm48UGrBfOWGt8+opuS+uLBLQlRfhiYXhHNcYMS5k=",
        "owner": "nix-community",
        "repo": "home-manager",
        "rev": "d5824a76bc6bb93d1dce9ebbbcb09a9b6abcc224",
        "type": "github"
      },
      "original": {
        "owner": "nix-community",
        "ref": "release-23.11",
        "repo": "home-manager",
        "type": "github"
      }
    },
    "home-manager_2": {
      "inputs": {
        "nixpkgs": [
          "nixpkgs"
        ]
      },
      "locked": {
        "lastModified": 1707591592,
        "narHash": "sha256-sTFPBn9MnJHcoBcG+xpljsG/JGJxPaevpzhdOrW2uf0=",
        "owner": "nix-community",
        "repo": "home-manager",
        "rev": "4c0357ff874f8250fcae621d5626aba1c7161710",
        "type": "github"
      },
      "original": {
        "owner": "nix-community",
        "repo": "home-manager",
        "type": "github"
      }
    },
    "nixpkgs": {
      "locked": {
        "lastModified": 1707451808,
        "narHash": "sha256-UwDBUNHNRsYKFJzyTMVMTF5qS4xeJlWoeyJf+6vvamU=",
        "owner": "nixos",
        "repo": "nixpkgs",
        "rev": "442d407992384ed9c0e6d352de75b69079904e4e",
        "type": "github"
      },
      "original": {
        "owner": "nixos",
        "ref": "nixpkgs-unstable",
        "repo": "nixpkgs",
        "type": "github"
      }
    },
    "nixpkgs-stable": {
      "locked": {
        "lastModified": 1707391491,
        "narHash": "sha256-TyDXcq8Z3slMNeyeF+ke0BzISWuM6NrBklr7XyiRbZA=",
        "owner": "NixOS",
        "repo": "nixpkgs",
        "rev": "bc6cb3d59b7aab88e967264254f8c1aa4c0284e9",
        "type": "github"
      },
      "original": {
        "owner": "NixOS",
        "ref": "release-23.11",
        "repo": "nixpkgs",
        "type": "github"
      }
    },
    "root": {
      "inputs": {
        "artwork": "artwork",
        "coco": "coco",
        "emacs-cfg": "emacs-cfg",
        "home-manager": "home-manager_2",
        "nixpkgs": "nixpkgs",
        "secrets": "secrets",
        "sops-nix": "sops-nix"
      }
    },
    "secrets": {
      "flake": false,
      "locked": {
        "lastModified": 1706872842,
        "narHash": "sha256-VKycLF2mX2/j19V3Q/qn5c6FUDBDg9+d9eZkOfM7xMk=",
        "owner": "fxttr",
        "repo": "secrets",
        "rev": "52bdb98e5aaf196e67b06d62ce06d47d6ed5c45b",
        "type": "github"
      },
      "original": {
        "owner": "fxttr",
        "repo": "secrets",
        "type": "github"
      }
    },
    "sops-nix": {
      "inputs": {
        "nixpkgs": [
          "nixpkgs"
        ],
        "nixpkgs-stable": "nixpkgs-stable"
      },
      "locked": {
        "lastModified": 1707397511,
        "narHash": "sha256-pYqXcTjcPC/go3FzT1dYtYsbmzAjO1MHhT/xgiI6J7o=",
        "owner": "Mic92",
        "repo": "sops-nix",
        "rev": "2168851d58595431ee11ebfc3a49d60d318b7312",
        "type": "github"
      },
      "original": {
        "owner": "Mic92",
        "repo": "sops-nix",
        "type": "github"
      }
    }
  },
  "root": "root",
  "version": 7
}
