{
  "nodes": {
    "artwork": {
      "flake": false,
      "locked": {
        "lastModified": 1716788451,
        "narHash": "sha256-Zam3vXUBcF09GhaL0eehlTvmhx++qXBO7UhuBySPX84=",
        "owner": "NixOS",
        "repo": "nixos-artwork",
        "rev": "53ea652ec7d8af5d21fd2b79b6c49cb39078ddfb",
        "type": "github"
      },
      "original": {
        "owner": "NixOS",
        "repo": "nixos-artwork",
        "type": "github"
      }
    },
    "coco": {
      "inputs": {
        "home-manager": "home-manager",
        "nixpkgs": [
          "nixpkgs"
        ]
      },
      "locked": {
        "lastModified": 1709277651,
        "narHash": "sha256-gHgKCmtQP8GqKFlSdx4TQ1DF7OrmD/sJcQUcI8DaQGQ=",
        "owner": "fxttr",
        "repo": "coco",
        "rev": "aa5ff0a3a2d93d0211d5c6421d57eb0b12ca1d17",
        "type": "github"
      },
      "original": {
        "owner": "fxttr",
        "repo": "coco",
        "type": "github"
      }
    },
    "emacs-cfg": {
      "flake": false,
      "locked": {
        "lastModified": 1704465167,
        "narHash": "sha256-xmwn3LkgnU31RwGGOuPii1gZz8S5m37DpnUJzGuvuJ8=",
        "owner": "fxttr",
        "repo": "emacs-cfg",
        "rev": "bd1dbbeaa865f82a2e0b91befdbfcec3914aefdc",
        "type": "github"
      },
      "original": {
        "owner": "fxttr",
        "repo": "emacs-cfg",
        "type": "github"
      }
    },
    "home-manager": {
      "inputs": {
        "nixpkgs": [
          "coco",
          "nixpkgs"
        ]
      },
      "locked": {
        "lastModified": 1706981411,
        "narHash": "sha256-cLbLPTL1CDmETVh4p0nQtvoF+FSEjsnJTFpTxhXywhQ=",
        "owner": "nix-community",
        "repo": "home-manager",
        "rev": "652fda4ca6dafeb090943422c34ae9145787af37",
        "type": "github"
      },
      "original": {
        "owner": "nix-community",
        "ref": "release-23.11",
        "repo": "home-manager",
        "type": "github"
      }
    },
    "home-manager_2": {
      "inputs": {
        "nixpkgs": [
          "nixpkgs"
        ]
      },
      "locked": {
        "lastModified": 1717525419,
        "narHash": "sha256-5z2422pzWnPXHgq2ms8lcCfttM0dz+hg+x1pCcNkAws=",
        "owner": "nix-community",
        "repo": "home-manager",
        "rev": "a7117efb3725e6197dd95424136f79147aa35e5b",
        "type": "github"
      },
      "original": {
        "owner": "nix-community",
        "repo": "home-manager",
        "type": "github"
      }
    },
    "nixpkgs": {
      "locked": {
        "lastModified": 1717399147,
        "narHash": "sha256-eCWaE/q1VItpFAxxLVt171MdtDcjEnwi6QB/yuF73JU=",
        "owner": "nixos",
        "repo": "nixpkgs",
        "rev": "4a4ecb0ab415c9fccfb005567a215e6a9564cdf5",
        "type": "github"
      },
      "original": {
        "owner": "nixos",
        "ref": "nixpkgs-unstable",
        "repo": "nixpkgs",
        "type": "github"
      }
    },
    "nixpkgs-stable": {
      "locked": {
        "lastModified": 1717265169,
        "narHash": "sha256-IITcGd6xpNoyq9SZBigCkv4+qMHSqot0RDPR4xsZ2CA=",
        "owner": "NixOS",
        "repo": "nixpkgs",
        "rev": "3b1b4895b2c5f9f5544d02132896aeb9ceea77bc",
        "type": "github"
      },
      "original": {
        "owner": "NixOS",
        "ref": "release-23.11",
        "repo": "nixpkgs",
        "type": "github"
      }
    },
    "root": {
      "inputs": {
        "artwork": "artwork",
        "coco": "coco",
        "emacs-cfg": "emacs-cfg",
        "home-manager": "home-manager_2",
        "nixpkgs": "nixpkgs",
        "secrets": "secrets",
        "sops-nix": "sops-nix"
      }
    },
    "secrets": {
      "flake": false,
      "locked": {
        "lastModified": 1706872842,
        "narHash": "sha256-VKycLF2mX2/j19V3Q/qn5c6FUDBDg9+d9eZkOfM7xMk=",
        "owner": "fxttr",
        "repo": "secrets",
        "rev": "52bdb98e5aaf196e67b06d62ce06d47d6ed5c45b",
        "type": "github"
      },
      "original": {
        "owner": "fxttr",
        "repo": "secrets",
        "type": "github"
      }
    },
    "sops-nix": {
      "inputs": {
        "nixpkgs": [
          "nixpkgs"
        ],
        "nixpkgs-stable": "nixpkgs-stable"
      },
      "locked": {
        "lastModified": 1717455931,
        "narHash": "sha256-8Q6mKSsto8gaGczXd4G0lvawdAYLa5Dlh3/g4hl5CaM=",
        "owner": "Mic92",
        "repo": "sops-nix",
        "rev": "d4555e80d80d2fa77f0a44201ca299f9602492a0",
        "type": "github"
      },
      "original": {
        "owner": "Mic92",
        "repo": "sops-nix",
        "type": "github"
      }
    }
  },
  "root": "root",
  "version": 7
}
