{
  "nodes": {
    "artwork": {
      "flake": false,
      "locked": {
        "lastModified": 1701990405,
        "narHash": "sha256-QZrC1cSNThvQJymM7rRVXxpZ+rY+vOVm17P6vVVB6WM=",
        "owner": "NixOS",
        "repo": "nixos-artwork",
        "rev": "e3a74d1c40086393f2b1b9f218497da2db0ff3ae",
        "type": "github"
      },
      "original": {
        "owner": "NixOS",
        "repo": "nixos-artwork",
        "type": "github"
      }
    },
    "coco": {
      "inputs": {
        "home-manager": "home-manager",
        "nixpkgs": [
          "nixpkgs"
        ]
      },
      "locked": {
        "lastModified": 1702445301,
        "narHash": "sha256-pY8eblJrqWxFCBxYZXyfhiJufG/Xi1j9CVKG/62xF7w=",
        "owner": "fxttr",
        "repo": "coco",
        "rev": "d6d22a2244707cc4b54f3eb8fea30ae362e1ddb9",
        "type": "github"
      },
      "original": {
        "owner": "fxttr",
        "repo": "coco",
        "type": "github"
      }
    },
    "emacs-cfg": {
      "flake": false,
      "locked": {
        "lastModified": 1699085664,
        "narHash": "sha256-XMmUF8ZWkEYd60Surb7ujnqZKz92Xu23DLwasEPgqtA=",
        "owner": "fxttr",
        "repo": "emacs-cfg",
        "rev": "b5d5b524f16e6745fbbb7d80771ddef013e48ab7",
        "type": "github"
      },
      "original": {
        "owner": "fxttr",
        "repo": "emacs-cfg",
        "type": "github"
      }
    },
    "home-manager": {
      "inputs": {
        "nixpkgs": [
          "coco",
          "nixpkgs"
        ]
      },
      "locked": {
        "lastModified": 1702195709,
        "narHash": "sha256-+zRjWkm5rKqQ57PuLZ3JF3xi3vPMiOJzItb1m/43Cq4=",
        "owner": "nix-community",
        "repo": "home-manager",
        "rev": "6761b8188b860f374b457eddfdb05c82eef9752f",
        "type": "github"
      },
      "original": {
        "owner": "nix-community",
        "ref": "release-23.11",
        "repo": "home-manager",
        "type": "github"
      }
    },
    "home-manager_2": {
      "inputs": {
        "nixpkgs": [
          "nixpkgs"
        ]
      },
      "locked": {
        "lastModified": 1703072477,
        "narHash": "sha256-I2g7o+J26iK3sGk53iuaYiMWryzAYx0zhNQUFzTID/A=",
        "owner": "nix-community",
        "repo": "home-manager",
        "rev": "433120e47d016c9960dd9c2b1821e97d223a6a39",
        "type": "github"
      },
      "original": {
        "owner": "nix-community",
        "repo": "home-manager",
        "type": "github"
      }
    },
    "nixpkgs": {
      "locked": {
        "lastModified": 1703063446,
        "narHash": "sha256-e59l84kPNX+clUJUvHJ6+0C3Tw+gYeJn/QaH1dr/3kg=",
        "owner": "nixos",
        "repo": "nixpkgs",
        "rev": "7c33cd6bf01cf09f77bfdf6741cddfffa2cd5640",
        "type": "github"
      },
      "original": {
        "owner": "nixos",
        "ref": "nixpkgs-unstable",
        "repo": "nixpkgs",
        "type": "github"
      }
    },
    "nixpkgs-stable": {
      "locked": {
        "lastModified": 1702777222,
        "narHash": "sha256-/SYmqgxTYzqZnQEfbOCHCN4GzqB9uAIsR9IWLzo0/8I=",
        "owner": "NixOS",
        "repo": "nixpkgs",
        "rev": "a19a71d1ee93226fd71984359552affbc1cd3dc3",
        "type": "github"
      },
      "original": {
        "owner": "NixOS",
        "ref": "release-23.05",
        "repo": "nixpkgs",
        "type": "github"
      }
    },
    "root": {
      "inputs": {
        "artwork": "artwork",
        "coco": "coco",
        "emacs-cfg": "emacs-cfg",
        "home-manager": "home-manager_2",
        "nixpkgs": "nixpkgs",
        "secrets": "secrets",
        "sops-nix": "sops-nix"
      }
    },
    "secrets": {
      "flake": false,
      "locked": {
        "lastModified": 1703052465,
        "narHash": "sha256-Puqh2UgWnvgshTImxwGwkwJe59nzKgGQaQ6YSGD9wwE=",
        "owner": "fxttr",
        "repo": "secrets",
        "rev": "fca744423650898ff98006c20156792d301295f2",
        "type": "github"
      },
      "original": {
        "owner": "fxttr",
        "repo": "secrets",
        "type": "github"
      }
    },
    "sops-nix": {
      "inputs": {
        "nixpkgs": [
          "nixpkgs"
        ],
        "nixpkgs-stable": "nixpkgs-stable"
      },
      "locked": {
        "lastModified": 1702937567,
        "narHash": "sha256-bUNl3GPqRgTGp13+oV1DrYa1/NHuGHo5SKmr+RqC/2g=",
        "owner": "Mic92",
        "repo": "sops-nix",
        "rev": "f7db64b88dabc95e4f7bee20455f418e7ab805d4",
        "type": "github"
      },
      "original": {
        "owner": "Mic92",
        "repo": "sops-nix",
        "type": "github"
      }
    }
  },
  "root": "root",
  "version": 7
}
