{
  "nodes": {
    "artwork": {
      "flake": false,
      "locked": {
        "lastModified": 1696446040,
        "narHash": "sha256-468ppSe/b8vq1lndD2V+zDXC2TKkFAd7uRlxKwNsdr4=",
        "owner": "NixOS",
        "repo": "nixos-artwork",
        "rev": "da4697b5621460fe438de0cf2f44c42c926e045d",
        "type": "github"
      },
      "original": {
        "owner": "NixOS",
        "repo": "nixos-artwork",
        "type": "github"
      }
    },
    "coco": {
      "inputs": {
        "home-manager": "home-manager",
        "nixpkgs": "nixpkgs"
      },
      "locked": {
        "lastModified": 1699085820,
        "narHash": "sha256-8nQaVk1Bf1ocvhzbrY1vrrjPyShYxMaXtzHO1kMSASQ=",
        "owner": "fxttr",
        "repo": "coco",
        "rev": "e8123670bc6f44aac0050ad0b529eb5ec6cfc82a",
        "type": "github"
      },
      "original": {
        "owner": "fxttr",
        "repo": "coco",
        "type": "github"
      }
    },
    "emacs-cfg": {
      "flake": false,
      "locked": {
        "lastModified": 1699085664,
        "narHash": "sha256-XMmUF8ZWkEYd60Surb7ujnqZKz92Xu23DLwasEPgqtA=",
        "owner": "fxttr",
        "repo": "emacs-cfg",
        "rev": "b5d5b524f16e6745fbbb7d80771ddef013e48ab7",
        "type": "github"
      },
      "original": {
        "owner": "fxttr",
        "repo": "emacs-cfg",
        "type": "github"
      }
    },
    "home-manager": {
      "inputs": {
        "nixpkgs": [
          "coco",
          "nixpkgs"
        ],
        "utils": "utils"
      },
      "locked": {
        "lastModified": 1685325875,
        "narHash": "sha256-tevlLIMPeVNNYPd9UgjHApAUoFAnw9iohqUyj+LPp88=",
        "owner": "nix-community",
        "repo": "home-manager",
        "rev": "b372d7f8d5518aaba8a4058a453957460481afbc",
        "type": "github"
      },
      "original": {
        "owner": "nix-community",
        "ref": "release-22.11",
        "repo": "home-manager",
        "type": "github"
      }
    },
    "home-manager_2": {
      "inputs": {
        "nixpkgs": [
          "nixpkgs"
        ]
      },
      "locked": {
        "lastModified": 1699025595,
        "narHash": "sha256-e+o4PoSu2Z6Ww8y/AVUmMU200rNZoRK+p2opQ7Db8Rg=",
        "owner": "nix-community",
        "repo": "home-manager",
        "rev": "8765d4e38aa0be53cdeee26f7386173e6c65618d",
        "type": "github"
      },
      "original": {
        "owner": "nix-community",
        "repo": "home-manager",
        "type": "github"
      }
    },
    "nixpkgs": {
      "locked": {
        "lastModified": 1699065553,
        "narHash": "sha256-j8UmH8fqXcOgL6WrlMcvV2m2XQ6OzU0IBucyuJ0vnyQ=",
        "owner": "NixOS",
        "repo": "nixpkgs",
        "rev": "8ab9c53eee434651ce170dee1d9727b974e9a6b6",
        "type": "github"
      },
      "original": {
        "owner": "NixOS",
        "ref": "nixpkgs-unstable",
        "repo": "nixpkgs",
        "type": "github"
      }
    },
    "nixpkgs-stable": {
      "locked": {
        "lastModified": 1699110214,
        "narHash": "sha256-L2TU4RgtiqF69W8Gacg2jEkEYJrW+Kp0Mp4plwQh5b8=",
        "owner": "NixOS",
        "repo": "nixpkgs",
        "rev": "78f3a4ae19f0e99d5323dd2e3853916b8ee4afee",
        "type": "github"
      },
      "original": {
        "owner": "NixOS",
        "ref": "release-23.05",
        "repo": "nixpkgs",
        "type": "github"
      }
    },
    "nixpkgs_2": {
      "locked": {
        "lastModified": 1699126377,
        "narHash": "sha256-LtDx5VgD/F+5SSRqt8BRSiZi5EwMjWLI1XGjWizcnMI=",
        "owner": "nixos",
        "repo": "nixpkgs",
        "rev": "e583a3b08f2b59488deb2ace2528df37c931509f",
        "type": "github"
      },
      "original": {
        "owner": "nixos",
        "ref": "nixpkgs-unstable",
        "repo": "nixpkgs",
        "type": "github"
      }
    },
    "root": {
      "inputs": {
        "artwork": "artwork",
        "coco": "coco",
        "emacs-cfg": "emacs-cfg",
        "home-manager": "home-manager_2",
        "nixpkgs": "nixpkgs_2",
        "secrets": "secrets",
        "sops-nix": "sops-nix"
      }
    },
    "secrets": {
      "flake": false,
      "locked": {
        "lastModified": 1678634422,
        "narHash": "sha256-xlEpOGVZUphVOFRdU8cp7CiVMdh0EYME/NcVqRHLU2k=",
        "owner": "fxttr",
        "repo": "secrets",
        "rev": "ae791bf46c5b8769e7f45e7e19269dfe97fd73af",
        "type": "github"
      },
      "original": {
        "owner": "fxttr",
        "repo": "secrets",
        "type": "github"
      }
    },
    "sops-nix": {
      "inputs": {
        "nixpkgs": [
          "nixpkgs"
        ],
        "nixpkgs-stable": "nixpkgs-stable"
      },
      "locked": {
        "lastModified": 1699153251,
        "narHash": "sha256-CGx98mbAy9svKTa1dzlrVmkJwgGSXpAQUdMh7U0szts=",
        "owner": "Mic92",
        "repo": "sops-nix",
        "rev": "5bc2cde6e53241e7df0e8f5df5872223983efa72",
        "type": "github"
      },
      "original": {
        "owner": "Mic92",
        "repo": "sops-nix",
        "type": "github"
      }
    },
    "utils": {
      "locked": {
        "lastModified": 1667395993,
        "narHash": "sha256-nuEHfE/LcWyuSWnS8t12N1wc105Qtau+/OdUAjtQ0rA=",
        "owner": "numtide",
        "repo": "flake-utils",
        "rev": "5aed5285a952e0b949eb3ba02c12fa4fcfef535f",
        "type": "github"
      },
      "original": {
        "owner": "numtide",
        "repo": "flake-utils",
        "type": "github"
      }
    }
  },
  "root": "root",
  "version": 7
}
