{
  "nodes": {
    "coco": {
      "inputs": {
        "home-manager": "home-manager",
        "nixpkgs": [
          "nixpkgs"
        ]
      },
      "locked": {
        "lastModified": 1727150258,
        "narHash": "sha256-wffXNdVRoDzzlAJruXeKLOKceWJnIfvPBRkYL3nOApg=",
        "owner": "fxttr",
        "repo": "coco",
        "rev": "186ce46d2ad2a2719509821d033c59b26a40b0d4",
        "type": "github"
      },
      "original": {
        "owner": "fxttr",
        "repo": "coco",
        "type": "github"
      }
    },
    "emacs-cfg": {
      "flake": false,
      "locked": {
        "lastModified": 1704465167,
        "narHash": "sha256-xmwn3LkgnU31RwGGOuPii1gZz8S5m37DpnUJzGuvuJ8=",
        "owner": "fxttr",
        "repo": "emacs-cfg",
        "rev": "bd1dbbeaa865f82a2e0b91befdbfcec3914aefdc",
        "type": "github"
      },
      "original": {
        "owner": "fxttr",
        "repo": "emacs-cfg",
        "type": "github"
      }
    },
    "home-manager": {
      "inputs": {
        "nixpkgs": [
          "coco",
          "nixpkgs"
        ]
      },
      "locked": {
        "lastModified": 1706981411,
        "narHash": "sha256-cLbLPTL1CDmETVh4p0nQtvoF+FSEjsnJTFpTxhXywhQ=",
        "owner": "nix-community",
        "repo": "home-manager",
        "rev": "652fda4ca6dafeb090943422c34ae9145787af37",
        "type": "github"
      },
      "original": {
        "owner": "nix-community",
        "ref": "release-23.11",
        "repo": "home-manager",
        "type": "github"
      }
    },
    "home-manager_2": {
      "inputs": {
        "nixpkgs": [
          "nixpkgs"
        ]
      },
      "locked": {
        "lastModified": 1730633670,
        "narHash": "sha256-ZFJqIXpvVKvzOVFKWNRDyIyAo+GYdmEPaYi1bZB6uf0=",
        "owner": "nix-community",
        "repo": "home-manager",
        "rev": "8f6ca7855d409aeebe2a582c6fd6b6a8d0bf5661",
        "type": "github"
      },
      "original": {
        "owner": "nix-community",
        "repo": "home-manager",
        "type": "github"
      }
    },
    "media": {
      "flake": false,
      "locked": {
        "lastModified": 1559602186,
        "narHash": "sha256-QAU34SfXtu5dF+1gqxcQv4oL5cAPLr7UcQ5m9kNAVIQ=",
        "owner": "foxt",
        "repo": "macOS-Wallpapers",
        "rev": "232aec88c40fa9c687e2e98eb90478fff70ab757",
        "type": "github"
      },
      "original": {
        "owner": "foxt",
        "repo": "macOS-Wallpapers",
        "type": "github"
      }
    },
    "nixpkgs": {
      "locked": {
        "lastModified": 1730272153,
        "narHash": "sha256-B5WRZYsRlJgwVHIV6DvidFN7VX7Fg9uuwkRW9Ha8z+w=",
        "owner": "nixos",
        "repo": "nixpkgs",
        "rev": "2d2a9ddbe3f2c00747398f3dc9b05f7f2ebb0f53",
        "type": "github"
      },
      "original": {
        "owner": "nixos",
        "ref": "nixpkgs-unstable",
        "repo": "nixpkgs",
        "type": "github"
      }
    },
    "nixpkgs-stable": {
      "locked": {
        "lastModified": 1730602179,
        "narHash": "sha256-efgLzQAWSzJuCLiCaQUCDu4NudNlHdg2NzGLX5GYaEY=",
        "owner": "NixOS",
        "repo": "nixpkgs",
        "rev": "3c2f1c4ca372622cb2f9de8016c9a0b1cbd0f37c",
        "type": "github"
      },
      "original": {
        "owner": "NixOS",
        "ref": "release-24.05",
        "repo": "nixpkgs",
        "type": "github"
      }
    },
    "root": {
      "inputs": {
        "coco": "coco",
        "emacs-cfg": "emacs-cfg",
        "home-manager": "home-manager_2",
        "media": "media",
        "nixpkgs": "nixpkgs",
        "secrets": "secrets",
        "sops-nix": "sops-nix"
      }
    },
    "secrets": {
      "flake": false,
      "locked": {
        "lastModified": 1730747024,
        "narHash": "sha256-X4NQpu6yHUe/PeU2saREbwGikhDmWzKu/ksCuzzn0wo=",
        "owner": "fxttr",
        "repo": "secrets",
        "rev": "e85f462990b477594a864dfb4765ba265edceea6",
        "type": "github"
      },
      "original": {
        "owner": "fxttr",
        "repo": "secrets",
        "type": "github"
      }
    },
    "sops-nix": {
      "inputs": {
        "nixpkgs": [
          "nixpkgs"
        ],
        "nixpkgs-stable": "nixpkgs-stable"
      },
      "locked": {
        "lastModified": 1730746162,
        "narHash": "sha256-ZGmI+3AbT8NkDdBQujF+HIxZ+sWXuyT6X8B49etWY2g=",
        "owner": "Mic92",
        "repo": "sops-nix",
        "rev": "59d6988329626132eaf107761643f55eb979eef1",
        "type": "github"
      },
      "original": {
        "owner": "Mic92",
        "repo": "sops-nix",
        "type": "github"
      }
    }
  },
  "root": "root",
  "version": 7
}
